
Microsoft Visual Studio Solution File, Format Version 11.00
# Visual Studio 2010
Project("{FAE04EC0-301F-11D3-BF4B-00C04F79EFBC}") = "Assembly-CSharp", "Assembly-CSharp.csproj", "{4466BD3D-1719-94D1-20B0-7E3C7B125ADC}"
EndProject
Global
	GlobalSection(SolutionConfigurationPlatforms) = preSolution
		Debug|Any CPU = Debug|Any CPU
		Release|Any CPU = Release|Any CPU
	EndGlobalSection
	GlobalSection(ProjectConfigurationPlatforms) = postSolution
		{4466BD3D-1719-94D1-20B0-7E3C7B125ADC}.Debug|Any CPU.ActiveCfg = Debug|Any CPU
		{4466BD3D-1719-94D1-20B0-7E3C7B125ADC}.Debug|Any CPU.Build.0 = Debug|Any CPU
		{4466BD3D-1719-94D1-20B0-7E3C7B125ADC}.Release|Any CPU.ActiveCfg = Release|Any CPU
		{4466BD3D-1719-94D1-20B0-7E3C7B125ADC}.Release|Any CPU.Build.0 = Release|Any CPU
	EndGlobalSection
	GlobalSection(SolutionProperties) = preSolution
		HideSolutionNode = FALSE
	EndGlobalSection
EndGlobal
